
Microsoft Visual Studio Solution File, Format Version 12.00
# Visual Studio 15
VisualStudioVersion = 15.0.28307.539
MinimumVisualStudioVersion = 10.0.40219.1
Project("{9A19103F-16F7-4668-BE54-9A1E7A4F7556}") = "DataTanker", "DataTanker\DataTanker.csproj", "{ECF2B274-B02F-42D1-A8CB-1805185BBA40}"
EndProject
Project("{FAE04EC0-301F-11D3-BF4B-00C04F79EFBC}") = "DataTanker.Utils", "DataTanker.Utils\DataTanker.Utils.csproj", "{1FBD5135-09A5-4917-8908-998D695238B7}"
EndProject
Project("{2150E333-8FDC-42A3-9474-1A3956D46DE8}") = "Testing", "Testing", "{BC0EC4BB-07AF-4ED6-B185-2F48B909C6DE}"
EndProject
Project("{FAE04EC0-301F-11D3-BF4B-00C04F79EFBC}") = "Performance", "Testing\Performance\Performance.csproj", "{CB86CE2C-8B57-4833-94C2-4A304DDBE48E}"
EndProject
Project("{FAE04EC0-301F-11D3-BF4B-00C04F79EFBC}") = "DataTanker.Unit.Test", "Testing\Unit\DataTanker.Unit.Test.csproj", "{677A726B-E269-46DB-827C-36858F0CC534}"
EndProject
Global
	GlobalSection(SolutionConfigurationPlatforms) = preSolution
		Debug|Any CPU = Debug|Any CPU
		Debug|x86 = Debug|x86
		Release|Any CPU = Release|Any CPU
		Release|x86 = Release|x86
	EndGlobalSection
	GlobalSection(ProjectConfigurationPlatforms) = postSolution
		{ECF2B274-B02F-42D1-A8CB-1805185BBA40}.Debug|Any CPU.ActiveCfg = Debug|Any CPU
		{ECF2B274-B02F-42D1-A8CB-1805185BBA40}.Debug|Any CPU.Build.0 = Debug|Any CPU
		{ECF2B274-B02F-42D1-A8CB-1805185BBA40}.Debug|x86.ActiveCfg = Debug|Any CPU
		{ECF2B274-B02F-42D1-A8CB-1805185BBA40}.Debug|x86.Build.0 = Debug|Any CPU
		{ECF2B274-B02F-42D1-A8CB-1805185BBA40}.Release|Any CPU.ActiveCfg = Release|Any CPU
		{ECF2B274-B02F-42D1-A8CB-1805185BBA40}.Release|Any CPU.Build.0 = Release|Any CPU
		{ECF2B274-B02F-42D1-A8CB-1805185BBA40}.Release|x86.ActiveCfg = Release|Any CPU
		{ECF2B274-B02F-42D1-A8CB-1805185BBA40}.Release|x86.Build.0 = Release|Any CPU
		{1FBD5135-09A5-4917-8908-998D695238B7}.Debug|Any CPU.ActiveCfg = Debug|Any CPU
		{1FBD5135-09A5-4917-8908-998D695238B7}.Debug|Any CPU.Build.0 = Debug|Any CPU
		{1FBD5135-09A5-4917-8908-998D695238B7}.Debug|x86.ActiveCfg = Debug|Any CPU
		{1FBD5135-09A5-4917-8908-998D695238B7}.Debug|x86.Build.0 = Debug|Any CPU
		{1FBD5135-09A5-4917-8908-998D695238B7}.Release|Any CPU.ActiveCfg = Release|Any CPU
		{1FBD5135-09A5-4917-8908-998D695238B7}.Release|Any CPU.Build.0 = Release|Any CPU
		{1FBD5135-09A5-4917-8908-998D695238B7}.Release|x86.ActiveCfg = Release|Any CPU
		{1FBD5135-09A5-4917-8908-998D695238B7}.Release|x86.Build.0 = Release|Any CPU
		{CB86CE2C-8B57-4833-94C2-4A304DDBE48E}.Debug|Any CPU.ActiveCfg = Debug|Any CPU
		{CB86CE2C-8B57-4833-94C2-4A304DDBE48E}.Debug|Any CPU.Build.0 = Debug|Any CPU
		{CB86CE2C-8B57-4833-94C2-4A304DDBE48E}.Debug|x86.ActiveCfg = Debug|x86
		{CB86CE2C-8B57-4833-94C2-4A304DDBE48E}.Debug|x86.Build.0 = Debug|x86
		{CB86CE2C-8B57-4833-94C2-4A304DDBE48E}.Release|Any CPU.ActiveCfg = Release|Any CPU
		{CB86CE2C-8B57-4833-94C2-4A304DDBE48E}.Release|Any CPU.Build.0 = Release|Any CPU
		{CB86CE2C-8B57-4833-94C2-4A304DDBE48E}.Release|x86.ActiveCfg = Release|x86
		{CB86CE2C-8B57-4833-94C2-4A304DDBE48E}.Release|x86.Build.0 = Release|x86
		{677A726B-E269-46DB-827C-36858F0CC534}.Debug|Any CPU.ActiveCfg = Debug|Any CPU
		{677A726B-E269-46DB-827C-36858F0CC534}.Debug|Any CPU.Build.0 = Debug|Any CPU
		{677A726B-E269-46DB-827C-36858F0CC534}.Debug|x86.ActiveCfg = Debug|Any CPU
		{677A726B-E269-46DB-827C-36858F0CC534}.Debug|x86.Build.0 = Debug|Any CPU
		{677A726B-E269-46DB-827C-36858F0CC534}.Release|Any CPU.ActiveCfg = Release|Any CPU
		{677A726B-E269-46DB-827C-36858F0CC534}.Release|Any CPU.Build.0 = Release|Any CPU
		{677A726B-E269-46DB-827C-36858F0CC534}.Release|x86.ActiveCfg = Release|Any CPU
		{677A726B-E269-46DB-827C-36858F0CC534}.Release|x86.Build.0 = Release|Any CPU
	EndGlobalSection
	GlobalSection(SolutionProperties) = preSolution
		HideSolutionNode = FALSE
	EndGlobalSection
	GlobalSection(NestedProjects) = preSolution
		{CB86CE2C-8B57-4833-94C2-4A304DDBE48E} = {BC0EC4BB-07AF-4ED6-B185-2F48B909C6DE}
		{677A726B-E269-46DB-827C-36858F0CC534} = {BC0EC4BB-07AF-4ED6-B185-2F48B909C6DE}
	EndGlobalSection
	GlobalSection(ExtensibilityGlobals) = postSolution
		SolutionGuid = {AF7F5B3F-EEE4-42CF-A409-BE37113E85E4}
	EndGlobalSection
EndGlobal
